
Microsoft Visual Studio Solution File, Format Version 12.00
# Visual Studio Version 17
VisualStudioVersion = 17.5.33516.290
MinimumVisualStudioVersion = 10.0.40219.1
Project("{FAE04EC0-301F-11D3-BF4B-00C04F79EFBC}") = "ModernTramTgBot", "ModernTramTgBot\ModernTramTgBot.csproj", "{9C369148-093B-411D-B364-7D9C16468104}"
EndProject
Global
	GlobalSection(SolutionConfigurationPlatforms) = preSolution
		Debug|Any CPU = Debug|Any CPU
		Release|Any CPU = Release|Any CPU
	EndGlobalSection
	GlobalSection(ProjectConfigurationPlatforms) = postSolution
		{9C369148-093B-411D-B364-7D9C16468104}.Debug|Any CPU.ActiveCfg = Debug|Any CPU
		{9C369148-093B-411D-B364-7D9C16468104}.Debug|Any CPU.Build.0 = Debug|Any CPU
		{9C369148-093B-411D-B364-7D9C16468104}.Release|Any CPU.ActiveCfg = Release|Any CPU
		{9C369148-093B-411D-B364-7D9C16468104}.Release|Any CPU.Build.0 = Release|Any CPU
	EndGlobalSection
	GlobalSection(SolutionProperties) = preSolution
		HideSolutionNode = FALSE
	EndGlobalSection
	GlobalSection(ExtensibilityGlobals) = postSolution
		SolutionGuid = {34C505FA-CDC7-46B6-ACE9-47D81936B27E}
	EndGlobalSection
EndGlobal
